{
  "name": "wires-graph",
  "version": "0.0.0",
  "lockfileVersion": 1,
  "requires": true,
  "dependencies": {
    "nanoevents": {
      "version": "2.0.0",
      "resolved": "https://registry.npmjs.org/nanoevents/-/nanoevents-2.0.0.tgz",
      "integrity": "sha512-6wRUNwBA07fyeun/xqG1UzmKd3ucgzcxTyaWcqjsNL0PaXy4YAezyHPnMdsPYEsOl/9wyQ85j39rPYF0FNDozQ=="
    }
  }
}
